// !$*UTF8*$!
{
	archiveVersion = 1;
	classes = {
	};
	objectVersion = 50;
	objects = {

/* Begin PBXBuildFile section */
		1CC0D6CF2686655A00BC5658 /* AppDelegate.swift in Sources */ = {isa = PBXBuildFile; fileRef = 1CC0D6CE2686655A00BC5658 /* AppDelegate.swift */; };
		1CC0D6D12686655A00BC5658 /* SceneDelegate.swift in Sources */ = {isa = PBXBuildFile; fileRef = 1CC0D6D02686655A00BC5658 /* SceneDelegate.swift */; };
		1CC0D6D32686655A00BC5658 /* ViewController.swift in Sources */ = {isa = PBXBuildFile; fileRef = 1CC0D6D22686655A00BC5658 /* ViewController.swift */; };
		1CC0D6D62686655A00BC5658 /* Main.storyboard in Resources */ = {isa = PBXBuildFile; fileRef = 1CC0D6D42686655A00BC5658 /* Main.storyboard */; };
		1CC0D6D82686655B00BC5658 /* Assets.xcassets in Resources */ = {isa = PBXBuildFile; fileRef = 1CC0D6D72686655B00BC5658 /* Assets.xcassets */; };
		1CC0D6DB2686655B00BC5658 /* LaunchScreen.storyboard in Resources */ = {isa = PBXBuildFile; fileRef = 1CC0D6D92686655B00BC5658 /* LaunchScreen.storyboard */; };
/* End PBXBuildFile section */

/* Begin PBXFileReference section */
		1CC0D6CB2686655A00BC5658 /* MyNextHome.app */ = {isa = PBXFileReference; explicitFileType = wrapper.application; includeInIndex = 0; path = MyNextHome.app; sourceTree = BUILT_PRODUCTS_DIR; };
		1CC0D6CE2686655A00BC5658 /* AppDelegate.swift */ = {isa = PBXFileReference; lastKnownFileType = sourcecode.swift; path = AppDelegate.swift; sourceTree = "<group>"; };
		1CC0D6D02686655A00BC5658 /* SceneDelegate.swift */ = {isa = PBXFileReference; lastKnownFileType = sourcecode.swift; path = SceneDelegate.swift; sourceTree = "<group>"; };
		1CC0D6D22686655A00BC5658 /* ViewController.swift */ = {isa = PBXFileReference; lastKnownFileType = sourcecode.swift; path = ViewController.swift; sourceTree = "<group>"; };
		1CC0D6D52686655A00BC5658 /* Base */ = {isa = PBXFileReference; lastKnownFileType = file.storyboard; name = Base; path = Base.lproj/Main.storyboard; sourceTree = "<group>"; };
		1CC0D6D72686655B00BC5658 /* Assets.xcassets */ = {isa = PBXFileReference; lastKnownFileType = folder.assetcatalog; path = Assets.xcassets; sourceTree = "<group>"; };
		1CC0D6DA2686655B00BC5658 /* Base */ = {isa = PBXFileReference; lastKnownFileType = file.storyboard; name = Base; path = Base.lproj/LaunchScreen.storyboard; sourceTree = "<group>"; };
		1CC0D6DC2686655B00BC5658 /* Info.plist */ = {isa = PBXFileReference; lastKnownFileType = text.plist.xml; path = Info.plist; sourceTree = "<group>"; };
/* End PBXFileReference section */

/* Begin PBXFrameworksBuildPhase section */
		1CC0D6C82686655A00BC5658 /* Frameworks */ = {
			isa = PBXFrameworksBuildPhase;
			buildActionMask = 2147483647;
			files = (
			);
			runOnlyForDeploymentPostprocessing = 0;
		};
/* End PBXFrameworksBuildPhase section */

/* Begin PBXGroup section */
		1CC0D6C22686655A00BC5658 = {
			isa = PBXGroup;
			children = (
				1CC0D6CD2686655A00BC5658 /* MyNextHome */,
				1CC0D6CC2686655A00BC5658 /* Products */,
			);
			sourceTree = "<group>";
		};
		1CC0D6CC2686655A00BC5658 /* Products */ = {
			isa = PBXGroup;
			children = (
				1CC0D6CB2686655A00BC5658 /* MyNextHome.app */,
			);
			name = Products;
			sourceTree = "<group>";
		};
		1CC0D6CD2686655A00BC5658 /* MyNextHome */ = {
			isa = PBXGroup;
			children = (
				1CC0D6E2268665ED00BC5658 /* Models */,
				1CC0D6E3268665F400BC5658 /* Coordinators */,
				1CC0D6E42686662300BC5658 /* Home */,
				1CC0D6E52686662C00BC5658 /* List */,
				1CC0D6E62686663300BC5658 /* Favorites */,
				1CC0D6CE2686655A00BC5658 /* AppDelegate.swift */,
				1CC0D6D02686655A00BC5658 /* SceneDelegate.swift */,
				1CC0D6D22686655A00BC5658 /* ViewController.swift */,
				1CC0D6D42686655A00BC5658 /* Main.storyboard */,
				1CC0D6D72686655B00BC5658 /* Assets.xcassets */,
				1CC0D6D92686655B00BC5658 /* LaunchScreen.storyboard */,
				1CC0D6DC2686655B00BC5658 /* Info.plist */,
			);
			path = MyNextHome;
			sourceTree = "<group>";
		};
		1CC0D6E2268665ED00BC5658 /* Models */ = {
			isa = PBXGroup;
			children = (
			);
			path = Models;
			sourceTree = "<group>";
		};
		1CC0D6E3268665F400BC5658 /* Coordinators */ = {
			isa = PBXGroup;
			children = (
			);
			path = Coordinators;
			sourceTree = "<group>";
		};
		1CC0D6E42686662300BC5658 /* Home */ = {
			isa = PBXGroup;
			children = (
			);
			path = Home;
			sourceTree = "<group>";
		};
		1CC0D6E52686662C00BC5658 /* List */ = {
			isa = PBXGroup;
			children = (
			);
			path = List;
			sourceTree = "<group>";
		};
		1CC0D6E62686663300BC5658 /* Favorites */ = {
			isa = PBXGroup;
			children = (
			);
			path = Favorites;
			sourceTree = "<group>";
		};
/* End PBXGroup section */

/* Begin PBXNativeTarget section */
		1CC0D6CA2686655A00BC5658 /* MyNextHome */ = {
			isa = PBXNativeTarget;
			buildConfigurationList = 1CC0D6DF2686655B00BC5658 /* Build configuration list for PBXNativeTarget "MyNextHome" */;
			buildPhases = (
				1CC0D6C72686655A00BC5658 /* Sources */,
				1CC0D6C82686655A00BC5658 /* Frameworks */,
				1CC0D6C92686655A00BC5658 /* Resources */,
			);
			buildRules = (
			);
			dependencies = (
			);
			name = MyNextHome;
			productName = MyNextHome;
			productReference = 1CC0D6CB2686655A00BC5658 /* MyNextHome.app */;
			productType = "com.apple.product-type.application";
		};
/* End PBXNativeTarget section */

/* Begin PBXProject section */
		1CC0D6C32686655A00BC5658 /* Project object */ = {
			isa = PBXProject;
			attributes = {
				LastSwiftUpdateCheck = 1250;
				LastUpgradeCheck = 1250;
				TargetAttributes = {
					1CC0D6CA2686655A00BC5658 = {
						CreatedOnToolsVersion = 12.5.1;
					};
				};
			};
			buildConfigurationList = 1CC0D6C62686655A00BC5658 /* Build configuration list for PBXProject "MyNextHome" */;
			compatibilityVersion = "Xcode 9.3";
			developmentRegion = en;
			hasScannedForEncodings = 0;
			knownRegions = (
				en,
				Base,
			);
			mainGroup = 1CC0D6C22686655A00BC5658;
			productRefGroup = 1CC0D6CC2686655A00BC5658 /* Products */;
			projectDirPath = "";
			projectRoot = "";
			targets = (
				1CC0D6CA2686655A00BC5658 /* MyNextHome */,
			);
		};
/* End PBXProject section */

/* Begin PBXResourcesBuildPhase section */
		1CC0D6C92686655A00BC5658 /* Resources */ = {
			isa = PBXResourcesBuildPhase;
			buildActionMask = 2147483647;
			files = (
				1CC0D6DB2686655B00BC5658 /* LaunchScreen.storyboard in Resources */,
				1CC0D6D82686655B00BC5658 /* Assets.xcassets in Resources */,
				1CC0D6D62686655A00BC5658 /* Main.storyboard in Resources */,
			);
			runOnlyForDeploymentPostprocessing = 0;
		};
/* End PBXResourcesBuildPhase section */

/* Begin PBXSourcesBuildPhase section */
		1CC0D6C72686655A00BC5658 /* Sources */ = {
			isa = PBXSourcesBuildPhase;
			buildActionMask = 2147483647;
			files = (
				1CC0D6D32686655A00BC5658 /* ViewController.swift in Sources */,
				1CC0D6CF2686655A00BC5658 /* AppDelegate.swift in Sources */,
				1CC0D6D12686655A00BC5658 /* SceneDelegate.swift in Sources */,
			);
			runOnlyForDeploymentPostprocessing = 0;
		};
/* End PBXSourcesBuildPhase section */

/* Begin PBXVariantGroup section */
		1CC0D6D42686655A00BC5658 /* Main.storyboard */ = {
			isa = PBXVariantGroup;
			children = (
				1CC0D6D52686655A00BC5658 /* Base */,
			);
			name = Main.storyboard;
			sourceTree = "<group>";
		};
		1CC0D6D92686655B00BC5658 /* LaunchScreen.storyboard */ = {
			isa = PBXVariantGroup;
			children = (
				1CC0D6DA2686655B00BC5658 /* Base */,
			);
			name = LaunchScreen.storyboard;
			sourceTree = "<group>";
		};
/* End PBXVariantGroup section */

/* Begin XCBuildConfiguration section */
		1CC0D6DD2686655B00BC5658 /* Debug */ = {
			isa = XCBuildConfiguration;
			buildSettings = {
				ALWAYS_SEARCH_USER_PATHS = NO;
				CLANG_ANALYZER_NONNULL = YES;
				CLANG_ANALYZER_NUMBER_OBJECT_CONVERSION = YES_AGGRESSIVE;
				CLANG_CXX_LANGUAGE_STANDARD = "gnu++14";
				CLANG_CXX_LIBRARY = "libc++";
				CLANG_ENABLE_MODULES = YES;
				CLANG_ENABLE_OBJC_ARC = YES;
				CLANG_ENABLE_OBJC_WEAK = YES;
				CLANG_WARN_BLOCK_CAPTURE_AUTORELEASING = YES;
				CLANG_WARN_BOOL_CONVERSION = YES;
				CLANG_WARN_COMMA = YES;
				CLANG_WARN_CONSTANT_CONVERSION = YES;
				CLANG_WARN_DEPRECATED_OBJC_IMPLEMENTATIONS = YES;
				CLANG_WARN_DIRECT_OBJC_ISA_USAGE = YES_ERROR;
				CLANG_WARN_DOCUMENTATION_COMMENTS = YES;
				CLANG_WARN_EMPTY_BODY = YES;
				CLANG_WARN_ENUM_CONVERSION = YES;
				CLANG_WARN_INFINITE_RECURSION = YES;
				CLANG_WARN_INT_CONVERSION = YES;
				CLANG_WARN_NON_LITERAL_NULL_CONVERSION = YES;
				CLANG_WARN_OBJC_IMPLICIT_RETAIN_SELF = YES;
				CLANG_WARN_OBJC_LITERAL_CONVERSION = YES;
				CLANG_WARN_OBJC_ROOT_CLASS = YES_ERROR;
				CLANG_WARN_QUOTED_INCLUDE_IN_FRAMEWORK_HEADER = YES;
				CLANG_WARN_RANGE_LOOP_ANALYSIS = YES;
				CLANG_WARN_STRICT_PROTOTYPES = YES;
				CLANG_WARN_SUSPICIOUS_MOVE = YES;
				CLANG_WARN_UNGUARDED_AVAILABILITY = YES_AGGRESSIVE;
				CLANG_WARN_UNREACHABLE_CODE = YES;
				CLANG_WARN__DUPLICATE_METHOD_MATCH = YES;
				COPY_PHASE_STRIP = NO;
				DEBUG_INFORMATION_FORMAT = dwarf;
				ENABLE_STRICT_OBJC_MSGSEND = YES;
				ENABLE_TESTABILITY = YES;
				GCC_C_LANGUAGE_STANDARD = gnu11;
				GCC_DYNAMIC_NO_PIC = NO;
				GCC_NO_COMMON_BLOCKS = YES;
				GCC_OPTIMIZATION_LEVEL = 0;
				GCC_PREPROCESSOR_DEFINITIONS = (
					"DEBUG=1",
					"$(inherited)",
				);
				GCC_WARN_64_TO_32_BIT_CONVERSION = YES;
				GCC_WARN_ABOUT_RETURN_TYPE = YES_ERROR;
				GCC_WARN_UNDECLARED_SELECTOR = YES;
				GCC_WARN_UNINITIALIZED_AUTOS = YES_AGGRESSIVE;
				GCC_WARN_UNUSED_FUNCTION = YES;
				GCC_WARN_UNUSED_VARIABLE = YES;
				IPHONEOS_DEPLOYMENT_TARGET = 14.5;
				MTL_ENABLE_DEBUG_INFO = INCLUDE_SOURCE;
				MTL_FAST_MATH = YES;
				ONLY_ACTIVE_ARCH = YES;
				SDKROOT = iphoneos;
				SWIFT_ACTIVE_COMPILATION_CONDITIONS = DEBUG;
				SWIFT_OPTIMIZATION_LEVEL = "-Onone";
			};
			name = Debug;
		};
		1CC0D6DE2686655B00BC5658 /* Release */ = {
			isa = XCBuildConfiguration;
			buildSettings = {
				ALWAYS_SEARCH_USER_PATHS = NO;
				CLANG_ANALYZER_NONNULL = YES;
				CLANG_ANALYZER_NUMBER_OBJECT_CONVERSION = YES_AGGRESSIVE;
				CLANG_CXX_LANGUAGE_STANDARD = "gnu++14";
				CLANG_CXX_LIBRARY = "libc++";
				CLANG_ENABLE_MODULES = YES;
				CLANG_ENABLE_OBJC_ARC = YES;
				CLANG_ENABLE_OBJC_WEAK = YES;
				CLANG_WARN_BLOCK_CAPTURE_AUTORELEASING = YES;
				CLANG_WARN_BOOL_CONVERSION = YES;
				CLANG_WARN_COMMA = YES;
				CLANG_WARN_CONSTANT_CONVERSION = YES;
				CLANG_WARN_DEPRECATED_OBJC_IMPLEMENTATIONS = YES;
				CLANG_WARN_DIRECT_OBJC_ISA_USAGE = YES_ERROR;
				CLANG_WARN_DOCUMENTATION_COMMENTS = YES;
				CLANG_WARN_EMPTY_BODY = YES;
				CLANG_WARN_ENUM_CONVERSION = YES;
				CLANG_WARN_INFINITE_RECURSION = YES;
				CLANG_WARN_INT_CONVERSION = YES;
				CLANG_WARN_NON_LITERAL_NULL_CONVERSION = YES;
				CLANG_WARN_OBJC_IMPLICIT_RETAIN_SELF = YES;
				CLANG_WARN_OBJC_LITERAL_CONVERSION = YES;
				CLANG_WARN_OBJC_ROOT_CLASS = YES_ERROR;
				CLANG_WARN_QUOTED_INCLUDE_IN_FRAMEWORK_HEADER = YES;
				CLANG_WARN_RANGE_LOOP_ANALYSIS = YES;
				CLANG_WARN_STRICT_PROTOTYPES = YES;
				CLANG_WARN_SUSPICIOUS_MOVE = YES;
				CLANG_WARN_UNGUARDED_AVAILABILITY = YES_AGGRESSIVE;
				CLANG_WARN_UNREACHABLE_CODE = YES;
				CLANG_WARN__DUPLICATE_METHOD_MATCH = YES;
				COPY_PHASE_STRIP = NO;
				DEBUG_INFORMATION_FORMAT = "dwarf-with-dsym";
				ENABLE_NS_ASSERTIONS = NO;
				ENABLE_STRICT_OBJC_MSGSEND = YES;
				GCC_C_LANGUAGE_STANDARD = gnu11;
				GCC_NO_COMMON_BLOCKS = YES;
				GCC_WARN_64_TO_32_BIT_CONVERSION = YES;
				GCC_WARN_ABOUT_RETURN_TYPE = YES_ERROR;
				GCC_WARN_UNDECLARED_SELECTOR = YES;
				GCC_WARN_UNINITIALIZED_AUTOS = YES_AGGRESSIVE;
				GCC_WARN_UNUSED_FUNCTION = YES;
				GCC_WARN_UNUSED_VARIABLE = YES;
				IPHONEOS_DEPLOYMENT_TARGET = 14.5;
				MTL_ENABLE_DEBUG_INFO = NO;
				MTL_FAST_MATH = YES;
				SDKROOT = iphoneos;
				SWIFT_COMPILATION_MODE = wholemodule;
				SWIFT_OPTIMIZATION_LEVEL = "-O";
				VALIDATE_PRODUCT = YES;
			};
			name = Release;
		};
		1CC0D6E02686655B00BC5658 /* Debug */ = {
			isa = XCBuildConfiguration;
			buildSettings = {
				ASSETCATALOG_COMPILER_APPICON_NAME = AppIcon;
				ASSETCATALOG_COMPILER_GLOBAL_ACCENT_COLOR_NAME = AccentColor;
				CODE_SIGN_STYLE = Automatic;
				DEVELOPMENT_TEAM = A98K3QG549;
				INFOPLIST_FILE = MyNextHome/Info.plist;
				LD_RUNPATH_SEARCH_PATHS = (
					"$(inherited)",
					"@executable_path/Frameworks",
				);
				PRODUCT_BUNDLE_IDENTIFIER = com.ajmarquez.MyNextHome;
				PRODUCT_NAME = "$(TARGET_NAME)";
				SWIFT_VERSION = 5.0;
				TARGETED_DEVICE_FAMILY = "1,2";
			};
			name = Debug;
		};
		1CC0D6E12686655B00BC5658 /* Release */ = {
			isa = XCBuildConfiguration;
			buildSettings = {
				ASSETCATALOG_COMPILER_APPICON_NAME = AppIcon;
				ASSETCATALOG_COMPILER_GLOBAL_ACCENT_COLOR_NAME = AccentColor;
				CODE_SIGN_STYLE = Automatic;
				DEVELOPMENT_TEAM = A98K3QG549;
				INFOPLIST_FILE = MyNextHome/Info.plist;
				LD_RUNPATH_SEARCH_PATHS = (
					"$(inherited)",
					"@executable_path/Frameworks",
				);
				PRODUCT_BUNDLE_IDENTIFIER = com.ajmarquez.MyNextHome;
				PRODUCT_NAME = "$(TARGET_NAME)";
				SWIFT_VERSION = 5.0;
				TARGETED_DEVICE_FAMILY = "1,2";
			};
			name = Release;
		};
/* End XCBuildConfiguration section */

/* Begin XCConfigurationList section */
		1CC0D6C62686655A00BC5658 /* Build configuration list for PBXProject "MyNextHome" */ = {
			isa = XCConfigurationList;
			buildConfigurations = (
				1CC0D6DD2686655B00BC5658 /* Debug */,
				1CC0D6DE2686655B00BC5658 /* Release */,
			);
			defaultConfigurationIsVisible = 0;
			defaultConfigurationName = Release;
		};
		1CC0D6DF2686655B00BC5658 /* Build configuration list for PBXNativeTarget "MyNextHome" */ = {
			isa = XCConfigurationList;
			buildConfigurations = (
				1CC0D6E02686655B00BC5658 /* Debug */,
				1CC0D6E12686655B00BC5658 /* Release */,
			);
			defaultConfigurationIsVisible = 0;
			defaultConfigurationName = Release;
		};
/* End XCConfigurationList section */
	};
	rootObject = 1CC0D6C32686655A00BC5658 /* Project object */;
}
